
Microsoft Visual Studio Solution File, Format Version 12.00
# Visual Studio Version 17
VisualStudioVersion = 17.8.34330.188
MinimumVisualStudioVersion = 10.0.40219.1
Project("{9A19103F-16F7-4668-BE54-9A1E7A4F7556}") = "TicTacToe", "TicTacToe GUI\TicTacToe.csproj", "{068BD941-C0F1-4FC2-8081-07992B6676BE}"
EndProject
Global
	GlobalSection(SolutionConfigurationPlatforms) = preSolution
		Debug|Any CPU = Debug|Any CPU
		Release|Any CPU = Release|Any CPU
	EndGlobalSection
	GlobalSection(ProjectConfigurationPlatforms) = postSolution
		{068BD941-C0F1-4FC2-8081-07992B6676BE}.Debug|Any CPU.ActiveCfg = Debug|Any CPU
		{068BD941-C0F1-4FC2-8081-07992B6676BE}.Debug|Any CPU.Build.0 = Debug|Any CPU
		{068BD941-C0F1-4FC2-8081-07992B6676BE}.Release|Any CPU.ActiveCfg = Release|Any CPU
		{068BD941-C0F1-4FC2-8081-07992B6676BE}.Release|Any CPU.Build.0 = Release|Any CPU
	EndGlobalSection
	GlobalSection(SolutionProperties) = preSolution
		HideSolutionNode = FALSE
	EndGlobalSection
	GlobalSection(ExtensibilityGlobals) = postSolution
		SolutionGuid = {012CB830-048B-4EAE-A55B-2109C30AE974}
	EndGlobalSection
EndGlobal
